
Microsoft Visual Studio Solution File, Format Version 12.00
Project("{FAE04EC0-301F-11D3-BF4B-00C04F79EFBC}") = "ConsoleUI", "ConsoleUI\ConsoleUI.csproj", "{1B9C24FB-A20F-4DAC-9672-9BDD7AA0893C}"
EndProject
Project("{FAE04EC0-301F-11D3-BF4B-00C04F79EFBC}") = "BattleShipsLibrary", "BattleShipsLibrary\BattleShipsLibrary.csproj", "{606D5040-73AF-4BB8-90C4-30523441BF5D}"
EndProject
Global
	GlobalSection(SolutionConfigurationPlatforms) = preSolution
		Debug|Any CPU = Debug|Any CPU
		Release|Any CPU = Release|Any CPU
	EndGlobalSection
	GlobalSection(ProjectConfigurationPlatforms) = postSolution
		{1B9C24FB-A20F-4DAC-9672-9BDD7AA0893C}.Debug|Any CPU.ActiveCfg = Debug|Any CPU
		{1B9C24FB-A20F-4DAC-9672-9BDD7AA0893C}.Debug|Any CPU.Build.0 = Debug|Any CPU
		{1B9C24FB-A20F-4DAC-9672-9BDD7AA0893C}.Release|Any CPU.ActiveCfg = Release|Any CPU
		{1B9C24FB-A20F-4DAC-9672-9BDD7AA0893C}.Release|Any CPU.Build.0 = Release|Any CPU
		{606D5040-73AF-4BB8-90C4-30523441BF5D}.Debug|Any CPU.ActiveCfg = Debug|Any CPU
		{606D5040-73AF-4BB8-90C4-30523441BF5D}.Debug|Any CPU.Build.0 = Debug|Any CPU
		{606D5040-73AF-4BB8-90C4-30523441BF5D}.Release|Any CPU.ActiveCfg = Release|Any CPU
		{606D5040-73AF-4BB8-90C4-30523441BF5D}.Release|Any CPU.Build.0 = Release|Any CPU
	EndGlobalSection
EndGlobal
